
Microsoft Visual Studio Solution File, Format Version 12.00
# Visual Studio Version 16
VisualStudioVersion = 16.0.30804.86
MinimumVisualStudioVersion = 10.0.40219.1
Project("{FAE04EC0-301F-11D3-BF4B-00C04F79EFBC}") = "FizzBuzzTest", "FizzBuzzTest.csproj", "{C5839AC3-9840-486F-9E8F-ED22D148B908}"
EndProject
Global
	GlobalSection(SolutionConfigurationPlatforms) = preSolution
		Debug|Any CPU = Debug|Any CPU
		Release|Any CPU = Release|Any CPU
	EndGlobalSection
	GlobalSection(ProjectConfigurationPlatforms) = postSolution
		{C5839AC3-9840-486F-9E8F-ED22D148B908}.Debug|Any CPU.ActiveCfg = Debug|Any CPU
		{C5839AC3-9840-486F-9E8F-ED22D148B908}.Debug|Any CPU.Build.0 = Debug|Any CPU
		{C5839AC3-9840-486F-9E8F-ED22D148B908}.Release|Any CPU.ActiveCfg = Release|Any CPU
		{C5839AC3-9840-486F-9E8F-ED22D148B908}.Release|Any CPU.Build.0 = Release|Any CPU
	EndGlobalSection
	GlobalSection(SolutionProperties) = preSolution
		HideSolutionNode = FALSE
	EndGlobalSection
	GlobalSection(ExtensibilityGlobals) = postSolution
		SolutionGuid = {A4CFF628-6B3A-4376-876C-106B5EAA6266}
	EndGlobalSection
EndGlobal
